// !$*UTF8*$!
{
	archiveVersion = 1;
	classes = {
	};
	objectVersion = 50;
	objects = {

/* Begin PBXBuildFile section */
		1D5CEF2A25A7E7BC00249F8E /* GFEmptyStateView.swift in Sources */ = {isa = PBXBuildFile; fileRef = 1D5CEF2925A7E7BC00249F8E /* GFEmptyStateView.swift */; };
		1D5CEF2E25A8C8B600249F8E /* UserInfoVC.swift in Sources */ = {isa = PBXBuildFile; fileRef = 1D5CEF2D25A8C8B600249F8E /* UserInfoVC.swift */; };
		1D5CEF3325A9587900249F8E /* GFError.swift in Sources */ = {isa = PBXBuildFile; fileRef = 1D5CEF3225A9587900249F8E /* GFError.swift */; };
		1D5CEF3625A9F50600249F8E /* GFUserInfoHeaderVC.swift in Sources */ = {isa = PBXBuildFile; fileRef = 1D5CEF3525A9F50600249F8E /* GFUserInfoHeaderVC.swift */; };
		1D5CEF3925A9F56B00249F8E /* GFSecondaryTitleLabel.swift in Sources */ = {isa = PBXBuildFile; fileRef = 1D5CEF3825A9F56B00249F8E /* GFSecondaryTitleLabel.swift */; };
		1D5CEF3C25A9FD1000249F8E /* Constants.swift in Sources */ = {isa = PBXBuildFile; fileRef = 1D5CEF3B25A9FD1000249F8E /* Constants.swift */; };
		1D5CEF4025AA1B5900249F8E /* GFItemInfoView.swift in Sources */ = {isa = PBXBuildFile; fileRef = 1D5CEF3F25AA1B5900249F8E /* GFItemInfoView.swift */; };
		1D5CEF4325AA513100249F8E /* GFItemInfoVC.swift in Sources */ = {isa = PBXBuildFile; fileRef = 1D5CEF4225AA513100249F8E /* GFItemInfoVC.swift */; };
		1D5CEF4725AA562B00249F8E /* GFRepoItemVC.swift in Sources */ = {isa = PBXBuildFile; fileRef = 1D5CEF4625AA562B00249F8E /* GFRepoItemVC.swift */; };
		1D5CEF4A25AA58E200249F8E /* GFFollowerItemVC.swift in Sources */ = {isa = PBXBuildFile; fileRef = 1D5CEF4925AA58E200249F8E /* GFFollowerItemVC.swift */; };
		1D5CEF4F25AA5D1100249F8E /* Date+Ext.swift in Sources */ = {isa = PBXBuildFile; fileRef = 1D5CEF4E25AA5D1100249F8E /* Date+Ext.swift */; };
		1D5CEF5525AA9ADB00249F8E /* PersitanceManager.swift in Sources */ = {isa = PBXBuildFile; fileRef = 1D5CEF5425AA9ADB00249F8E /* PersitanceManager.swift */; };
		1D5CEF5D25AB495E00249F8E /* FavoriteCell.swift in Sources */ = {isa = PBXBuildFile; fileRef = 1D5CEF5C25AB495E00249F8E /* FavoriteCell.swift */; };
		1D5CEF6225AB971400249F8E /* GFTabBarController.swift in Sources */ = {isa = PBXBuildFile; fileRef = 1D5CEF6125AB971400249F8E /* GFTabBarController.swift */; };
		1DBE0C8825ABEA4300A5C52E /* GFDataLoadingVC.swift in Sources */ = {isa = PBXBuildFile; fileRef = 1DBE0C8725ABEA4300A5C52E /* GFDataLoadingVC.swift */; };
		B9829E49259C2C61003E87FD /* AppDelegate.swift in Sources */ = {isa = PBXBuildFile; fileRef = B9829E48259C2C61003E87FD /* AppDelegate.swift */; };
		B9829E4B259C2C61003E87FD /* SceneDelegate.swift in Sources */ = {isa = PBXBuildFile; fileRef = B9829E4A259C2C61003E87FD /* SceneDelegate.swift */; };
		B9829E52259C2C61003E87FD /* Assets.xcassets in Resources */ = {isa = PBXBuildFile; fileRef = B9829E51259C2C61003E87FD /* Assets.xcassets */; };
		B9829E55259C2C61003E87FD /* LaunchScreen.storyboard in Resources */ = {isa = PBXBuildFile; fileRef = B9829E53259C2C61003E87FD /* LaunchScreen.storyboard */; };
		B9829E61259C2D4A003E87FD /* SearchVC.swift in Sources */ = {isa = PBXBuildFile; fileRef = B9829E60259C2D4A003E87FD /* SearchVC.swift */; };
		B9829E64259C2D90003E87FD /* FavoritesListVC.swift in Sources */ = {isa = PBXBuildFile; fileRef = B9829E63259C2D90003E87FD /* FavoritesListVC.swift */; };
		B9902D56259D7A37001C7E77 /* FollowersListVC.swift in Sources */ = {isa = PBXBuildFile; fileRef = B9902D55259D7A37001C7E77 /* FollowersListVC.swift */; };
		B9902D59259E669C001C7E77 /* GFTitleLabel.swift in Sources */ = {isa = PBXBuildFile; fileRef = B9902D58259E669C001C7E77 /* GFTitleLabel.swift */; };
		B9902D5C259E68C0001C7E77 /* GFBodyLabel.swift in Sources */ = {isa = PBXBuildFile; fileRef = B9902D5B259E68C0001C7E77 /* GFBodyLabel.swift */; };
		B9902D5F259E6A63001C7E77 /* GFAlertVC.swift in Sources */ = {isa = PBXBuildFile; fileRef = B9902D5E259E6A63001C7E77 /* GFAlertVC.swift */; };
		B9902D62259E6D14001C7E77 /* GFContainerView.swift in Sources */ = {isa = PBXBuildFile; fileRef = B9902D61259E6D14001C7E77 /* GFContainerView.swift */; };
		B9902D65259E8110001C7E77 /* UIViewController+Ext.swift in Sources */ = {isa = PBXBuildFile; fileRef = B9902D64259E8110001C7E77 /* UIViewController+Ext.swift */; };
		B9902D72259EBB1D001C7E77 /* User.swift in Sources */ = {isa = PBXBuildFile; fileRef = B9902D71259EBB1D001C7E77 /* User.swift */; };
		B9902D77259EC4FA001C7E77 /* NetworkManager.swift in Sources */ = {isa = PBXBuildFile; fileRef = B9902D76259EC4FA001C7E77 /* NetworkManager.swift */; };
		B9902D7C259F7912001C7E77 /* Follower.swift in Sources */ = {isa = PBXBuildFile; fileRef = B9902D7B259F7912001C7E77 /* Follower.swift */; };
		B9902D86259FBC77001C7E77 /* FollowerCell.swift in Sources */ = {isa = PBXBuildFile; fileRef = B9902D85259FBC77001C7E77 /* FollowerCell.swift */; };
		B9902D8A259FBD52001C7E77 /* GFAvatarImageView.swift in Sources */ = {isa = PBXBuildFile; fileRef = B9902D89259FBD52001C7E77 /* GFAvatarImageView.swift */; };
		B9B6DE4F25A0065B0045A528 /* UIHelper.swift in Sources */ = {isa = PBXBuildFile; fileRef = B9B6DE4E25A0065B0045A528 /* UIHelper.swift */; };
		B9D40E8A259D1E4B00EE2431 /* GFButton.swift in Sources */ = {isa = PBXBuildFile; fileRef = B9D40E89259D1E4B00EE2431 /* GFButton.swift */; };
		B9D40EB7259D2D3800EE2431 /* GFTextField.swift in Sources */ = {isa = PBXBuildFile; fileRef = B9D40EB6259D2D3800EE2431 /* GFTextField.swift */; };
/* End PBXBuildFile section */

/* Begin PBXFileReference section */
		1D5CEF2925A7E7BC00249F8E /* GFEmptyStateView.swift */ = {isa = PBXFileReference; lastKnownFileType = sourcecode.swift; path = GFEmptyStateView.swift; sourceTree = "<group>"; };
		1D5CEF2D25A8C8B600249F8E /* UserInfoVC.swift */ = {isa = PBXFileReference; lastKnownFileType = sourcecode.swift; path = UserInfoVC.swift; sourceTree = "<group>"; };
		1D5CEF3225A9587900249F8E /* GFError.swift */ = {isa = PBXFileReference; lastKnownFileType = sourcecode.swift; path = GFError.swift; sourceTree = "<group>"; };
		1D5CEF3525A9F50600249F8E /* GFUserInfoHeaderVC.swift */ = {isa = PBXFileReference; lastKnownFileType = sourcecode.swift; path = GFUserInfoHeaderVC.swift; sourceTree = "<group>"; };
		1D5CEF3825A9F56B00249F8E /* GFSecondaryTitleLabel.swift */ = {isa = PBXFileReference; lastKnownFileType = sourcecode.swift; path = GFSecondaryTitleLabel.swift; sourceTree = "<group>"; };
		1D5CEF3B25A9FD1000249F8E /* Constants.swift */ = {isa = PBXFileReference; lastKnownFileType = sourcecode.swift; path = Constants.swift; sourceTree = "<group>"; };
		1D5CEF3F25AA1B5900249F8E /* GFItemInfoView.swift */ = {isa = PBXFileReference; lastKnownFileType = sourcecode.swift; path = GFItemInfoView.swift; sourceTree = "<group>"; };
		1D5CEF4225AA513100249F8E /* GFItemInfoVC.swift */ = {isa = PBXFileReference; lastKnownFileType = sourcecode.swift; path = GFItemInfoVC.swift; sourceTree = "<group>"; };
		1D5CEF4625AA562B00249F8E /* GFRepoItemVC.swift */ = {isa = PBXFileReference; lastKnownFileType = sourcecode.swift; path = GFRepoItemVC.swift; sourceTree = "<group>"; };
		1D5CEF4925AA58E200249F8E /* GFFollowerItemVC.swift */ = {isa = PBXFileReference; lastKnownFileType = sourcecode.swift; path = GFFollowerItemVC.swift; sourceTree = "<group>"; };
		1D5CEF4E25AA5D1100249F8E /* Date+Ext.swift */ = {isa = PBXFileReference; lastKnownFileType = sourcecode.swift; path = "Date+Ext.swift"; sourceTree = "<group>"; };
		1D5CEF5425AA9ADB00249F8E /* PersitanceManager.swift */ = {isa = PBXFileReference; lastKnownFileType = sourcecode.swift; path = PersitanceManager.swift; sourceTree = "<group>"; };
		1D5CEF5C25AB495E00249F8E /* FavoriteCell.swift */ = {isa = PBXFileReference; lastKnownFileType = sourcecode.swift; path = FavoriteCell.swift; sourceTree = "<group>"; };
		1D5CEF6125AB971400249F8E /* GFTabBarController.swift */ = {isa = PBXFileReference; lastKnownFileType = sourcecode.swift; path = GFTabBarController.swift; sourceTree = "<group>"; };
		1DBE0C8725ABEA4300A5C52E /* GFDataLoadingVC.swift */ = {isa = PBXFileReference; lastKnownFileType = sourcecode.swift; path = GFDataLoadingVC.swift; sourceTree = "<group>"; };
		B9829E45259C2C61003E87FD /* GitHub Followers.app */ = {isa = PBXFileReference; explicitFileType = wrapper.application; includeInIndex = 0; path = "GitHub Followers.app"; sourceTree = BUILT_PRODUCTS_DIR; };
		B9829E48259C2C61003E87FD /* AppDelegate.swift */ = {isa = PBXFileReference; lastKnownFileType = sourcecode.swift; path = AppDelegate.swift; sourceTree = "<group>"; };
		B9829E4A259C2C61003E87FD /* SceneDelegate.swift */ = {isa = PBXFileReference; lastKnownFileType = sourcecode.swift; path = SceneDelegate.swift; sourceTree = "<group>"; };
		B9829E51259C2C61003E87FD /* Assets.xcassets */ = {isa = PBXFileReference; lastKnownFileType = folder.assetcatalog; path = Assets.xcassets; sourceTree = "<group>"; };
		B9829E54259C2C61003E87FD /* Base */ = {isa = PBXFileReference; lastKnownFileType = file.storyboard; name = Base; path = Base.lproj/LaunchScreen.storyboard; sourceTree = "<group>"; };
		B9829E56259C2C61003E87FD /* Info.plist */ = {isa = PBXFileReference; lastKnownFileType = text.plist.xml; path = Info.plist; sourceTree = "<group>"; };
		B9829E60259C2D4A003E87FD /* SearchVC.swift */ = {isa = PBXFileReference; lastKnownFileType = sourcecode.swift; path = SearchVC.swift; sourceTree = "<group>"; };
		B9829E63259C2D90003E87FD /* FavoritesListVC.swift */ = {isa = PBXFileReference; lastKnownFileType = sourcecode.swift; path = FavoritesListVC.swift; sourceTree = "<group>"; };
		B9902D55259D7A37001C7E77 /* FollowersListVC.swift */ = {isa = PBXFileReference; lastKnownFileType = sourcecode.swift; path = FollowersListVC.swift; sourceTree = "<group>"; };
		B9902D58259E669C001C7E77 /* GFTitleLabel.swift */ = {isa = PBXFileReference; lastKnownFileType = sourcecode.swift; path = GFTitleLabel.swift; sourceTree = "<group>"; };
		B9902D5B259E68C0001C7E77 /* GFBodyLabel.swift */ = {isa = PBXFileReference; lastKnownFileType = sourcecode.swift; path = GFBodyLabel.swift; sourceTree = "<group>"; };
		B9902D5E259E6A63001C7E77 /* GFAlertVC.swift */ = {isa = PBXFileReference; lastKnownFileType = sourcecode.swift; path = GFAlertVC.swift; sourceTree = "<group>"; };
		B9902D61259E6D14001C7E77 /* GFContainerView.swift */ = {isa = PBXFileReference; lastKnownFileType = sourcecode.swift; path = GFContainerView.swift; sourceTree = "<group>"; };
		B9902D64259E8110001C7E77 /* UIViewController+Ext.swift */ = {isa = PBXFileReference; lastKnownFileType = sourcecode.swift; path = "UIViewController+Ext.swift"; sourceTree = "<group>"; };
		B9902D71259EBB1D001C7E77 /* User.swift */ = {isa = PBXFileReference; lastKnownFileType = sourcecode.swift; path = User.swift; sourceTree = "<group>"; };
		B9902D76259EC4FA001C7E77 /* NetworkManager.swift */ = {isa = PBXFileReference; lastKnownFileType = sourcecode.swift; path = NetworkManager.swift; sourceTree = "<group>"; };
		B9902D7B259F7912001C7E77 /* Follower.swift */ = {isa = PBXFileReference; lastKnownFileType = sourcecode.swift; path = Follower.swift; sourceTree = "<group>"; };
		B9902D85259FBC77001C7E77 /* FollowerCell.swift */ = {isa = PBXFileReference; lastKnownFileType = sourcecode.swift; path = FollowerCell.swift; sourceTree = "<group>"; };
		B9902D89259FBD52001C7E77 /* GFAvatarImageView.swift */ = {isa = PBXFileReference; lastKnownFileType = sourcecode.swift; path = GFAvatarImageView.swift; sourceTree = "<group>"; };
		B9B6DE4E25A0065B0045A528 /* UIHelper.swift */ = {isa = PBXFileReference; lastKnownFileType = sourcecode.swift; path = UIHelper.swift; sourceTree = "<group>"; };
		B9D40E89259D1E4B00EE2431 /* GFButton.swift */ = {isa = PBXFileReference; lastKnownFileType = sourcecode.swift; path = GFButton.swift; sourceTree = "<group>"; };
		B9D40EB6259D2D3800EE2431 /* GFTextField.swift */ = {isa = PBXFileReference; lastKnownFileType = sourcecode.swift; path = GFTextField.swift; sourceTree = "<group>"; };
/* End PBXFileReference section */

/* Begin PBXFrameworksBuildPhase section */
		B9829E42259C2C61003E87FD /* Frameworks */ = {
			isa = PBXFrameworksBuildPhase;
			buildActionMask = 2147483647;
			files = (
			);
			runOnlyForDeploymentPostprocessing = 0;
		};
/* End PBXFrameworksBuildPhase section */

/* Begin PBXGroup section */
		1D5CEF2325A7E73D00249F8E /* Views */ = {
			isa = PBXGroup;
			children = (
				B9902D61259E6D14001C7E77 /* GFContainerView.swift */,
				1D5CEF2925A7E7BC00249F8E /* GFEmptyStateView.swift */,
				1D5CEF3F25AA1B5900249F8E /* GFItemInfoView.swift */,
			);
			path = Views;
			sourceTree = "<group>";
		};
		1D5CEF2425A7E74400249F8E /* Buttons */ = {
			isa = PBXGroup;
			children = (
				B9D40E89259D1E4B00EE2431 /* GFButton.swift */,
			);
			path = Buttons;
			sourceTree = "<group>";
		};
		1D5CEF2525A7E74900249F8E /* TextFields */ = {
			isa = PBXGroup;
			children = (
				B9D40EB6259D2D3800EE2431 /* GFTextField.swift */,
			);
			path = TextFields;
			sourceTree = "<group>";
		};
		1D5CEF2625A7E75300249F8E /* ImageViews */ = {
			isa = PBXGroup;
			children = (
				B9902D89259FBD52001C7E77 /* GFAvatarImageView.swift */,
			);
			path = ImageViews;
			sourceTree = "<group>";
		};
		1D5CEF2725A7E75900249F8E /* ViewControllers */ = {
			isa = PBXGroup;
			children = (
				1D5CEF4C25AA592700249F8E /* ItemInfoVCs */,
				B9902D5E259E6A63001C7E77 /* GFAlertVC.swift */,
				1D5CEF3525A9F50600249F8E /* GFUserInfoHeaderVC.swift */,
				1DBE0C8725ABEA4300A5C52E /* GFDataLoadingVC.swift */,
			);
			path = ViewControllers;
			sourceTree = "<group>";
		};
		1D5CEF2825A7E76A00249F8E /* Labels */ = {
			isa = PBXGroup;
			children = (
				B9902D58259E669C001C7E77 /* GFTitleLabel.swift */,
				B9902D5B259E68C0001C7E77 /* GFBodyLabel.swift */,
				1D5CEF3825A9F56B00249F8E /* GFSecondaryTitleLabel.swift */,
			);
			path = Labels;
			sourceTree = "<group>";
		};
		1D5CEF4C25AA592700249F8E /* ItemInfoVCs */ = {
			isa = PBXGroup;
			children = (
				1D5CEF4225AA513100249F8E /* GFItemInfoVC.swift */,
				1D5CEF4625AA562B00249F8E /* GFRepoItemVC.swift */,
				1D5CEF4925AA58E200249F8E /* GFFollowerItemVC.swift */,
			);
			path = ItemInfoVCs;
			sourceTree = "<group>";
		};
		1D5CEF6025AB96A500249F8E /* TabBarController */ = {
			isa = PBXGroup;
			children = (
				1D5CEF6125AB971400249F8E /* GFTabBarController.swift */,
			);
			path = TabBarController;
			sourceTree = "<group>";
		};
		B9829E3C259C2C61003E87FD = {
			isa = PBXGroup;
			children = (
				B9829E47259C2C61003E87FD /* GitHub Followers */,
				B9829E46259C2C61003E87FD /* Products */,
			);
			sourceTree = "<group>";
		};
		B9829E46259C2C61003E87FD /* Products */ = {
			isa = PBXGroup;
			children = (
				B9829E45259C2C61003E87FD /* GitHub Followers.app */,
			);
			name = Products;
			sourceTree = "<group>";
		};
		B9829E47259C2C61003E87FD /* GitHub Followers */ = {
			isa = PBXGroup;
			children = (
				B9902D80259FB422001C7E77 /* Utilities */,
				B9829E56259C2C61003E87FD /* Info.plist */,
				B9902D75259EC4D8001C7E77 /* Managers */,
				B9902D6C259EBA37001C7E77 /* Model */,
				B9902D6B259E902B001C7E77 /* Support */,
				B9902D6A259E8FDC001C7E77 /* Extensions */,
				B9902D68259E8F7C001C7E77 /* Custom Views */,
				B9902D67259E8EAE001C7E77 /* Screens */,
			);
			path = "GitHub Followers";
			sourceTree = "<group>";
		};
		B9902D67259E8EAE001C7E77 /* Screens */ = {
			isa = PBXGroup;
			children = (
				B9829E60259C2D4A003E87FD /* SearchVC.swift */,
				B9902D55259D7A37001C7E77 /* FollowersListVC.swift */,
				B9829E63259C2D90003E87FD /* FavoritesListVC.swift */,
				1D5CEF2D25A8C8B600249F8E /* UserInfoVC.swift */,
			);
			path = Screens;
			sourceTree = "<group>";
		};
		B9902D68259E8F7C001C7E77 /* Custom Views */ = {
			isa = PBXGroup;
			children = (
				1D5CEF6025AB96A500249F8E /* TabBarController */,
				1D5CEF2825A7E76A00249F8E /* Labels */,
				1D5CEF2725A7E75900249F8E /* ViewControllers */,
				1D5CEF2625A7E75300249F8E /* ImageViews */,
				1D5CEF2525A7E74900249F8E /* TextFields */,
				1D5CEF2425A7E74400249F8E /* Buttons */,
				1D5CEF2325A7E73D00249F8E /* Views */,
				B9902D84259FBC58001C7E77 /* Cells */,
			);
			path = "Custom Views";
			sourceTree = "<group>";
		};
		B9902D6A259E8FDC001C7E77 /* Extensions */ = {
			isa = PBXGroup;
			children = (
				B9902D64259E8110001C7E77 /* UIViewController+Ext.swift */,
				1D5CEF4E25AA5D1100249F8E /* Date+Ext.swift */,
			);
			path = Extensions;
			sourceTree = "<group>";
		};
		B9902D6B259E902B001C7E77 /* Support */ = {
			isa = PBXGroup;
			children = (
				B9829E48259C2C61003E87FD /* AppDelegate.swift */,
				B9829E4A259C2C61003E87FD /* SceneDelegate.swift */,
				B9829E51259C2C61003E87FD /* Assets.xcassets */,
				B9829E53259C2C61003E87FD /* LaunchScreen.storyboard */,
			);
			path = Support;
			sourceTree = "<group>";
		};
		B9902D6C259EBA37001C7E77 /* Model */ = {
			isa = PBXGroup;
			children = (
				B9902D71259EBB1D001C7E77 /* User.swift */,
				B9902D7B259F7912001C7E77 /* Follower.swift */,
			);
			path = Model;
			sourceTree = "<group>";
		};
		B9902D75259EC4D8001C7E77 /* Managers */ = {
			isa = PBXGroup;
			children = (
				B9902D76259EC4FA001C7E77 /* NetworkManager.swift */,
				1D5CEF5425AA9ADB00249F8E /* PersitanceManager.swift */,
			);
			path = Managers;
			sourceTree = "<group>";
		};
		B9902D80259FB422001C7E77 /* Utilities */ = {
			isa = PBXGroup;
			children = (
				B9B6DE4E25A0065B0045A528 /* UIHelper.swift */,
				1D5CEF3225A9587900249F8E /* GFError.swift */,
				1D5CEF3B25A9FD1000249F8E /* Constants.swift */,
			);
			path = Utilities;
			sourceTree = "<group>";
		};
		B9902D84259FBC58001C7E77 /* Cells */ = {
			isa = PBXGroup;
			children = (
				B9902D85259FBC77001C7E77 /* FollowerCell.swift */,
				1D5CEF5C25AB495E00249F8E /* FavoriteCell.swift */,
			);
			path = Cells;
			sourceTree = "<group>";
		};
/* End PBXGroup section */

/* Begin PBXNativeTarget section */
		B9829E44259C2C61003E87FD /* GitHub Followers */ = {
			isa = PBXNativeTarget;
			buildConfigurationList = B9829E59259C2C61003E87FD /* Build configuration list for PBXNativeTarget "GitHub Followers" */;
			buildPhases = (
				B9829E41259C2C61003E87FD /* Sources */,
				B9829E42259C2C61003E87FD /* Frameworks */,
				B9829E43259C2C61003E87FD /* Resources */,
			);
			buildRules = (
			);
			dependencies = (
			);
			name = "GitHub Followers";
			productName = "GitHub Followers";
			productReference = B9829E45259C2C61003E87FD /* GitHub Followers.app */;
			productType = "com.apple.product-type.application";
		};
/* End PBXNativeTarget section */

/* Begin PBXProject section */
		B9829E3D259C2C61003E87FD /* Project object */ = {
			isa = PBXProject;
			attributes = {
				LastSwiftUpdateCheck = 1230;
				LastUpgradeCheck = 1230;
				TargetAttributes = {
					B9829E44259C2C61003E87FD = {
						CreatedOnToolsVersion = 12.3;
					};
				};
			};
			buildConfigurationList = B9829E40259C2C61003E87FD /* Build configuration list for PBXProject "GitHub Followers" */;
			compatibilityVersion = "Xcode 9.3";
			developmentRegion = en;
			hasScannedForEncodings = 0;
			knownRegions = (
				en,
				Base,
			);
			mainGroup = B9829E3C259C2C61003E87FD;
			productRefGroup = B9829E46259C2C61003E87FD /* Products */;
			projectDirPath = "";
			projectRoot = "";
			targets = (
				B9829E44259C2C61003E87FD /* GitHub Followers */,
			);
		};
/* End PBXProject section */

/* Begin PBXResourcesBuildPhase section */
		B9829E43259C2C61003E87FD /* Resources */ = {
			isa = PBXResourcesBuildPhase;
			buildActionMask = 2147483647;
			files = (
				B9829E55259C2C61003E87FD /* LaunchScreen.storyboard in Resources */,
				B9829E52259C2C61003E87FD /* Assets.xcassets in Resources */,
			);
			runOnlyForDeploymentPostprocessing = 0;
		};
/* End PBXResourcesBuildPhase section */

/* Begin PBXSourcesBuildPhase section */
		B9829E41259C2C61003E87FD /* Sources */ = {
			isa = PBXSourcesBuildPhase;
			buildActionMask = 2147483647;
			files = (
				B9D40EB7259D2D3800EE2431 /* GFTextField.swift in Sources */,
				B9902D7C259F7912001C7E77 /* Follower.swift in Sources */,
				B9902D56259D7A37001C7E77 /* FollowersListVC.swift in Sources */,
				1D5CEF3625A9F50600249F8E /* GFUserInfoHeaderVC.swift in Sources */,
				B9902D65259E8110001C7E77 /* UIViewController+Ext.swift in Sources */,
				B9829E64259C2D90003E87FD /* FavoritesListVC.swift in Sources */,
				1D5CEF2A25A7E7BC00249F8E /* GFEmptyStateView.swift in Sources */,
				1D5CEF3925A9F56B00249F8E /* GFSecondaryTitleLabel.swift in Sources */,
				B9D40E8A259D1E4B00EE2431 /* GFButton.swift in Sources */,
				B9902D5F259E6A63001C7E77 /* GFAlertVC.swift in Sources */,
				1D5CEF3325A9587900249F8E /* GFError.swift in Sources */,
				B9902D86259FBC77001C7E77 /* FollowerCell.swift in Sources */,
				1D5CEF4725AA562B00249F8E /* GFRepoItemVC.swift in Sources */,
				B9902D8A259FBD52001C7E77 /* GFAvatarImageView.swift in Sources */,
				B9902D72259EBB1D001C7E77 /* User.swift in Sources */,
				1D5CEF2E25A8C8B600249F8E /* UserInfoVC.swift in Sources */,
				B9902D5C259E68C0001C7E77 /* GFBodyLabel.swift in Sources */,
				B9902D59259E669C001C7E77 /* GFTitleLabel.swift in Sources */,
				B9902D62259E6D14001C7E77 /* GFContainerView.swift in Sources */,
				1DBE0C8825ABEA4300A5C52E /* GFDataLoadingVC.swift in Sources */,
				1D5CEF4325AA513100249F8E /* GFItemInfoVC.swift in Sources */,
				1D5CEF4A25AA58E200249F8E /* GFFollowerItemVC.swift in Sources */,
				B9829E61259C2D4A003E87FD /* SearchVC.swift in Sources */,
				B9B6DE4F25A0065B0045A528 /* UIHelper.swift in Sources */,
				1D5CEF4F25AA5D1100249F8E /* Date+Ext.swift in Sources */,
				1D5CEF4025AA1B5900249F8E /* GFItemInfoView.swift in Sources */,
				1D5CEF5D25AB495E00249F8E /* FavoriteCell.swift in Sources */,
				B9902D77259EC4FA001C7E77 /* NetworkManager.swift in Sources */,
				B9829E49259C2C61003E87FD /* AppDelegate.swift in Sources */,
				B9829E4B259C2C61003E87FD /* SceneDelegate.swift in Sources */,
				1D5CEF5525AA9ADB00249F8E /* PersitanceManager.swift in Sources */,
				1D5CEF3C25A9FD1000249F8E /* Constants.swift in Sources */,
				1D5CEF6225AB971400249F8E /* GFTabBarController.swift in Sources */,
			);
			runOnlyForDeploymentPostprocessing = 0;
		};
/* End PBXSourcesBuildPhase section */

/* Begin PBXVariantGroup section */
		B9829E53259C2C61003E87FD /* LaunchScreen.storyboard */ = {
			isa = PBXVariantGroup;
			children = (
				B9829E54259C2C61003E87FD /* Base */,
			);
			name = LaunchScreen.storyboard;
			sourceTree = "<group>";
		};
/* End PBXVariantGroup section */

/* Begin XCBuildConfiguration section */
		B9829E57259C2C61003E87FD /* Debug */ = {
			isa = XCBuildConfiguration;
			buildSettings = {
				ALWAYS_SEARCH_USER_PATHS = NO;
				CLANG_ANALYZER_NONNULL = YES;
				CLANG_ANALYZER_NUMBER_OBJECT_CONVERSION = YES_AGGRESSIVE;
				CLANG_CXX_LANGUAGE_STANDARD = "gnu++14";
				CLANG_CXX_LIBRARY = "libc++";
				CLANG_ENABLE_MODULES = YES;
				CLANG_ENABLE_OBJC_ARC = YES;
				CLANG_ENABLE_OBJC_WEAK = YES;
				CLANG_WARN_BLOCK_CAPTURE_AUTORELEASING = YES;
				CLANG_WARN_BOOL_CONVERSION = YES;
				CLANG_WARN_COMMA = YES;
				CLANG_WARN_CONSTANT_CONVERSION = YES;
				CLANG_WARN_DEPRECATED_OBJC_IMPLEMENTATIONS = YES;
				CLANG_WARN_DIRECT_OBJC_ISA_USAGE = YES_ERROR;
				CLANG_WARN_DOCUMENTATION_COMMENTS = YES;
				CLANG_WARN_EMPTY_BODY = YES;
				CLANG_WARN_ENUM_CONVERSION = YES;
				CLANG_WARN_INFINITE_RECURSION = YES;
				CLANG_WARN_INT_CONVERSION = YES;
				CLANG_WARN_NON_LITERAL_NULL_CONVERSION = YES;
				CLANG_WARN_OBJC_IMPLICIT_RETAIN_SELF = YES;
				CLANG_WARN_OBJC_LITERAL_CONVERSION = YES;
				CLANG_WARN_OBJC_ROOT_CLASS = YES_ERROR;
				CLANG_WARN_QUOTED_INCLUDE_IN_FRAMEWORK_HEADER = YES;
				CLANG_WARN_RANGE_LOOP_ANALYSIS = YES;
				CLANG_WARN_STRICT_PROTOTYPES = YES;
				CLANG_WARN_SUSPICIOUS_MOVE = YES;
				CLANG_WARN_UNGUARDED_AVAILABILITY = YES_AGGRESSIVE;
				CLANG_WARN_UNREACHABLE_CODE = YES;
				CLANG_WARN__DUPLICATE_METHOD_MATCH = YES;
				COPY_PHASE_STRIP = NO;
				DEBUG_INFORMATION_FORMAT = dwarf;
				ENABLE_STRICT_OBJC_MSGSEND = YES;
				ENABLE_TESTABILITY = YES;
				GCC_C_LANGUAGE_STANDARD = gnu11;
				GCC_DYNAMIC_NO_PIC = NO;
				GCC_NO_COMMON_BLOCKS = YES;
				GCC_OPTIMIZATION_LEVEL = 0;
				GCC_PREPROCESSOR_DEFINITIONS = (
					"DEBUG=1",
					"$(inherited)",
				);
				GCC_WARN_64_TO_32_BIT_CONVERSION = YES;
				GCC_WARN_ABOUT_RETURN_TYPE = YES_ERROR;
				GCC_WARN_UNDECLARED_SELECTOR = YES;
				GCC_WARN_UNINITIALIZED_AUTOS = YES_AGGRESSIVE;
				GCC_WARN_UNUSED_FUNCTION = YES;
				GCC_WARN_UNUSED_VARIABLE = YES;
				IPHONEOS_DEPLOYMENT_TARGET = 14.3;
				MTL_ENABLE_DEBUG_INFO = INCLUDE_SOURCE;
				MTL_FAST_MATH = YES;
				ONLY_ACTIVE_ARCH = YES;
				SDKROOT = iphoneos;
				SWIFT_ACTIVE_COMPILATION_CONDITIONS = DEBUG;
				SWIFT_OPTIMIZATION_LEVEL = "-Onone";
			};
			name = Debug;
		};
		B9829E58259C2C61003E87FD /* Release */ = {
			isa = XCBuildConfiguration;
			buildSettings = {
				ALWAYS_SEARCH_USER_PATHS = NO;
				CLANG_ANALYZER_NONNULL = YES;
				CLANG_ANALYZER_NUMBER_OBJECT_CONVERSION = YES_AGGRESSIVE;
				CLANG_CXX_LANGUAGE_STANDARD = "gnu++14";
				CLANG_CXX_LIBRARY = "libc++";
				CLANG_ENABLE_MODULES = YES;
				CLANG_ENABLE_OBJC_ARC = YES;
				CLANG_ENABLE_OBJC_WEAK = YES;
				CLANG_WARN_BLOCK_CAPTURE_AUTORELEASING = YES;
				CLANG_WARN_BOOL_CONVERSION = YES;
				CLANG_WARN_COMMA = YES;
				CLANG_WARN_CONSTANT_CONVERSION = YES;
				CLANG_WARN_DEPRECATED_OBJC_IMPLEMENTATIONS = YES;
				CLANG_WARN_DIRECT_OBJC_ISA_USAGE = YES_ERROR;
				CLANG_WARN_DOCUMENTATION_COMMENTS = YES;
				CLANG_WARN_EMPTY_BODY = YES;
				CLANG_WARN_ENUM_CONVERSION = YES;
				CLANG_WARN_INFINITE_RECURSION = YES;
				CLANG_WARN_INT_CONVERSION = YES;
				CLANG_WARN_NON_LITERAL_NULL_CONVERSION = YES;
				CLANG_WARN_OBJC_IMPLICIT_RETAIN_SELF = YES;
				CLANG_WARN_OBJC_LITERAL_CONVERSION = YES;
				CLANG_WARN_OBJC_ROOT_CLASS = YES_ERROR;
				CLANG_WARN_QUOTED_INCLUDE_IN_FRAMEWORK_HEADER = YES;
				CLANG_WARN_RANGE_LOOP_ANALYSIS = YES;
				CLANG_WARN_STRICT_PROTOTYPES = YES;
				CLANG_WARN_SUSPICIOUS_MOVE = YES;
				CLANG_WARN_UNGUARDED_AVAILABILITY = YES_AGGRESSIVE;
				CLANG_WARN_UNREACHABLE_CODE = YES;
				CLANG_WARN__DUPLICATE_METHOD_MATCH = YES;
				COPY_PHASE_STRIP = NO;
				DEBUG_INFORMATION_FORMAT = "dwarf-with-dsym";
				ENABLE_NS_ASSERTIONS = NO;
				ENABLE_STRICT_OBJC_MSGSEND = YES;
				GCC_C_LANGUAGE_STANDARD = gnu11;
				GCC_NO_COMMON_BLOCKS = YES;
				GCC_WARN_64_TO_32_BIT_CONVERSION = YES;
				GCC_WARN_ABOUT_RETURN_TYPE = YES_ERROR;
				GCC_WARN_UNDECLARED_SELECTOR = YES;
				GCC_WARN_UNINITIALIZED_AUTOS = YES_AGGRESSIVE;
				GCC_WARN_UNUSED_FUNCTION = YES;
				GCC_WARN_UNUSED_VARIABLE = YES;
				IPHONEOS_DEPLOYMENT_TARGET = 14.3;
				MTL_ENABLE_DEBUG_INFO = NO;
				MTL_FAST_MATH = YES;
				SDKROOT = iphoneos;
				SWIFT_COMPILATION_MODE = wholemodule;
				SWIFT_OPTIMIZATION_LEVEL = "-O";
				VALIDATE_PRODUCT = YES;
			};
			name = Release;
		};
		B9829E5A259C2C61003E87FD /* Debug */ = {
			isa = XCBuildConfiguration;
			buildSettings = {
				ASSETCATALOG_COMPILER_APPICON_NAME = AppIcon;
				ASSETCATALOG_COMPILER_GLOBAL_ACCENT_COLOR_NAME = AccentColor;
				CODE_SIGN_STYLE = Automatic;
				DEVELOPMENT_TEAM = J658BJ7LAB;
				INFOPLIST_FILE = "GitHub Followers/Info.plist";
				LD_RUNPATH_SEARCH_PATHS = (
					"$(inherited)",
					"@executable_path/Frameworks",
				);
				PRODUCT_BUNDLE_IDENTIFIER = "co.JulianMartinez.GitHub-Followers";
				PRODUCT_NAME = "$(TARGET_NAME)";
				SWIFT_VERSION = 5.0;
				TARGETED_DEVICE_FAMILY = 1;
			};
			name = Debug;
		};
		B9829E5B259C2C61003E87FD /* Release */ = {
			isa = XCBuildConfiguration;
			buildSettings = {
				ASSETCATALOG_COMPILER_APPICON_NAME = AppIcon;
				ASSETCATALOG_COMPILER_GLOBAL_ACCENT_COLOR_NAME = AccentColor;
				CODE_SIGN_STYLE = Automatic;
				DEVELOPMENT_TEAM = J658BJ7LAB;
				INFOPLIST_FILE = "GitHub Followers/Info.plist";
				LD_RUNPATH_SEARCH_PATHS = (
					"$(inherited)",
					"@executable_path/Frameworks",
				);
				PRODUCT_BUNDLE_IDENTIFIER = "co.JulianMartinez.GitHub-Followers";
				PRODUCT_NAME = "$(TARGET_NAME)";
				SWIFT_VERSION = 5.0;
				TARGETED_DEVICE_FAMILY = 1;
			};
			name = Release;
		};
/* End XCBuildConfiguration section */

/* Begin XCConfigurationList section */
		B9829E40259C2C61003E87FD /* Build configuration list for PBXProject "GitHub Followers" */ = {
			isa = XCConfigurationList;
			buildConfigurations = (
				B9829E57259C2C61003E87FD /* Debug */,
				B9829E58259C2C61003E87FD /* Release */,
			);
			defaultConfigurationIsVisible = 0;
			defaultConfigurationName = Release;
		};
		B9829E59259C2C61003E87FD /* Build configuration list for PBXNativeTarget "GitHub Followers" */ = {
			isa = XCConfigurationList;
			buildConfigurations = (
				B9829E5A259C2C61003E87FD /* Debug */,
				B9829E5B259C2C61003E87FD /* Release */,
			);
			defaultConfigurationIsVisible = 0;
			defaultConfigurationName = Release;
		};
/* End XCConfigurationList section */
	};
	rootObject = B9829E3D259C2C61003E87FD /* Project object */;
}
